
Microsoft Visual Studio Solution File, Format Version 12.00
# Visual Studio Version 17
VisualStudioVersion = 17.10.35122.118
MinimumVisualStudioVersion = 10.0.40219.1
Project("{2150E333-8FDC-42A3-9474-1A3956D46DE8}") = "SingleResponsibility", "SingleResponsibility", "{C9265991-2D64-40FD-B4F3-26F4A08ACCD8}"
EndProject
Project("{FAE04EC0-301F-11D3-BF4B-00C04F79EFBC}") = "SingleResponsibility", "SingleResponsibility\SingleResponsibility.csproj", "{28CB7D69-A30A-47F8-82D8-519B561FB4DC}"
EndProject
Global
	GlobalSection(SolutionConfigurationPlatforms) = preSolution
		Debug|Any CPU = Debug|Any CPU
		Release|Any CPU = Release|Any CPU
	EndGlobalSection
	GlobalSection(ProjectConfigurationPlatforms) = postSolution
		{28CB7D69-A30A-47F8-82D8-519B561FB4DC}.Debug|Any CPU.ActiveCfg = Debug|Any CPU
		{28CB7D69-A30A-47F8-82D8-519B561FB4DC}.Debug|Any CPU.Build.0 = Debug|Any CPU
		{28CB7D69-A30A-47F8-82D8-519B561FB4DC}.Release|Any CPU.ActiveCfg = Release|Any CPU
		{28CB7D69-A30A-47F8-82D8-519B561FB4DC}.Release|Any CPU.Build.0 = Release|Any CPU
	EndGlobalSection
	GlobalSection(SolutionProperties) = preSolution
		HideSolutionNode = FALSE
	EndGlobalSection
	GlobalSection(NestedProjects) = preSolution
		{28CB7D69-A30A-47F8-82D8-519B561FB4DC} = {C9265991-2D64-40FD-B4F3-26F4A08ACCD8}
	EndGlobalSection
	GlobalSection(ExtensibilityGlobals) = postSolution
		SolutionGuid = {4A302575-23BA-4FB9-8B9E-8FDB70F22603}
	EndGlobalSection
EndGlobal
